{
  "name": "vaxic-ratelimit",
  "version": "1.1.1",
  "lockfileVersion": 1,
  "requires": true,
  "dependencies": {
    "phin": {
      "version": "2.9.2",
      "resolved": "https://registry.npmjs.org/phin/-/phin-2.9.2.tgz",
      "integrity": "sha512-j+UOz1qs+k8NlBRws2IF+Qd+YsVKcqIjvYPBEP9IpmhyvLvyN6GTuqsGbsqH3fIgHufqVqLQSttidIgshkgT7w==",
      "dev": true
    },
    "vaxic": {
      "version": "2.3.5",
      "resolved": "https://registry.npmjs.org/vaxic/-/vaxic-2.3.5.tgz",
      "integrity": "sha512-SpT5z0AlbbDHDVo/4l33nxrgxt8D/LTNxv0Ve83FBdlLPw5AyfO1FSz2w4alSeQLzQwoWAxrEtYBxsj4Av/NXw==",
      "dev": true,
      "requires": {
        "phin": "^2.9.0"
      }
    }
  }
}
